// !$*UTF8*$!
{
	archiveVersion = 1;
	classes = {
	};
	objectVersion = 50;
	objects = {

/* Begin PBXBuildFile section */
		83025A3623535E250064A6D7 /* AppDelegate.swift in Sources */ = {isa = PBXBuildFile; fileRef = 83025A3523535E250064A6D7 /* AppDelegate.swift */; };
		83025A3C23535E250064A6D7 /* GameScene.swift in Sources */ = {isa = PBXBuildFile; fileRef = 83025A3B23535E250064A6D7 /* GameScene.swift */; };
		83025A3E23535E250064A6D7 /* ViewController.swift in Sources */ = {isa = PBXBuildFile; fileRef = 83025A3D23535E250064A6D7 /* ViewController.swift */; };
		83025A4023535E270064A6D7 /* Assets.xcassets in Resources */ = {isa = PBXBuildFile; fileRef = 83025A3F23535E270064A6D7 /* Assets.xcassets */; };
		83025A4323535E270064A6D7 /* Main.storyboard in Resources */ = {isa = PBXBuildFile; fileRef = 83025A4123535E270064A6D7 /* Main.storyboard */; };
		83025A4F23535E280064A6D7 /* CombineBreakoutTests.swift in Sources */ = {isa = PBXBuildFile; fileRef = 83025A4E23535E280064A6D7 /* CombineBreakoutTests.swift */; };
		83025A5A23535E280064A6D7 /* CombineBreakoutUITests.swift in Sources */ = {isa = PBXBuildFile; fileRef = 83025A5923535E280064A6D7 /* CombineBreakoutUITests.swift */; };
/* End PBXBuildFile section */

/* Begin PBXContainerItemProxy section */
		83025A4B23535E280064A6D7 /* PBXContainerItemProxy */ = {
			isa = PBXContainerItemProxy;
			containerPortal = 83025A2A23535E250064A6D7 /* Project object */;
			proxyType = 1;
			remoteGlobalIDString = 83025A3123535E250064A6D7;
			remoteInfo = CombineBreakout;
		};
		83025A5623535E280064A6D7 /* PBXContainerItemProxy */ = {
			isa = PBXContainerItemProxy;
			containerPortal = 83025A2A23535E250064A6D7 /* Project object */;
			proxyType = 1;
			remoteGlobalIDString = 83025A3123535E250064A6D7;
			remoteInfo = CombineBreakout;
		};
/* End PBXContainerItemProxy section */

/* Begin PBXFileReference section */
		83025A3223535E250064A6D7 /* CombineBreakout.app */ = {isa = PBXFileReference; explicitFileType = wrapper.application; includeInIndex = 0; path = CombineBreakout.app; sourceTree = BUILT_PRODUCTS_DIR; };
		83025A3523535E250064A6D7 /* AppDelegate.swift */ = {isa = PBXFileReference; lastKnownFileType = sourcecode.swift; path = AppDelegate.swift; sourceTree = "<group>"; };
		83025A3B23535E250064A6D7 /* GameScene.swift */ = {isa = PBXFileReference; lastKnownFileType = sourcecode.swift; path = GameScene.swift; sourceTree = "<group>"; };
		83025A3D23535E250064A6D7 /* ViewController.swift */ = {isa = PBXFileReference; lastKnownFileType = sourcecode.swift; path = ViewController.swift; sourceTree = "<group>"; };
		83025A3F23535E270064A6D7 /* Assets.xcassets */ = {isa = PBXFileReference; lastKnownFileType = folder.assetcatalog; path = Assets.xcassets; sourceTree = "<group>"; };
		83025A4223535E270064A6D7 /* Base */ = {isa = PBXFileReference; lastKnownFileType = file.storyboard; name = Base; path = Base.lproj/Main.storyboard; sourceTree = "<group>"; };
		83025A4423535E270064A6D7 /* Info.plist */ = {isa = PBXFileReference; lastKnownFileType = text.plist.xml; path = Info.plist; sourceTree = "<group>"; };
		83025A4523535E270064A6D7 /* CombineBreakout.entitlements */ = {isa = PBXFileReference; lastKnownFileType = text.plist.entitlements; path = CombineBreakout.entitlements; sourceTree = "<group>"; };
		83025A4A23535E280064A6D7 /* CombineBreakoutTests.xctest */ = {isa = PBXFileReference; explicitFileType = wrapper.cfbundle; includeInIndex = 0; path = CombineBreakoutTests.xctest; sourceTree = BUILT_PRODUCTS_DIR; };
		83025A4E23535E280064A6D7 /* CombineBreakoutTests.swift */ = {isa = PBXFileReference; lastKnownFileType = sourcecode.swift; path = CombineBreakoutTests.swift; sourceTree = "<group>"; };
		83025A5023535E280064A6D7 /* Info.plist */ = {isa = PBXFileReference; lastKnownFileType = text.plist.xml; path = Info.plist; sourceTree = "<group>"; };
		83025A5523535E280064A6D7 /* CombineBreakoutUITests.xctest */ = {isa = PBXFileReference; explicitFileType = wrapper.cfbundle; includeInIndex = 0; path = CombineBreakoutUITests.xctest; sourceTree = BUILT_PRODUCTS_DIR; };
		83025A5923535E280064A6D7 /* CombineBreakoutUITests.swift */ = {isa = PBXFileReference; lastKnownFileType = sourcecode.swift; path = CombineBreakoutUITests.swift; sourceTree = "<group>"; };
		83025A5B23535E280064A6D7 /* Info.plist */ = {isa = PBXFileReference; lastKnownFileType = text.plist.xml; path = Info.plist; sourceTree = "<group>"; };
		83794929235E39F200EFA762 /* Readme.md */ = {isa = PBXFileReference; lastKnownFileType = net.daringfireball.markdown; path = Readme.md; sourceTree = "<group>"; };
/* End PBXFileReference section */

/* Begin PBXFrameworksBuildPhase section */
		83025A2F23535E250064A6D7 /* Frameworks */ = {
			isa = PBXFrameworksBuildPhase;
			buildActionMask = 2147483647;
			files = (
			);
			runOnlyForDeploymentPostprocessing = 0;
		};
		83025A4723535E280064A6D7 /* Frameworks */ = {
			isa = PBXFrameworksBuildPhase;
			buildActionMask = 2147483647;
			files = (
			);
			runOnlyForDeploymentPostprocessing = 0;
		};
		83025A5223535E280064A6D7 /* Frameworks */ = {
			isa = PBXFrameworksBuildPhase;
			buildActionMask = 2147483647;
			files = (
			);
			runOnlyForDeploymentPostprocessing = 0;
		};
/* End PBXFrameworksBuildPhase section */

/* Begin PBXGroup section */
		83025A2923535E250064A6D7 = {
			isa = PBXGroup;
			children = (
				83794929235E39F200EFA762 /* Readme.md */,
				83025A3423535E250064A6D7 /* CombineBreakout */,
				83025A4D23535E280064A6D7 /* CombineBreakoutTests */,
				83025A5823535E280064A6D7 /* CombineBreakoutUITests */,
				83025A3323535E250064A6D7 /* Products */,
			);
			sourceTree = "<group>";
		};
		83025A3323535E250064A6D7 /* Products */ = {
			isa = PBXGroup;
			children = (
				83025A3223535E250064A6D7 /* CombineBreakout.app */,
				83025A4A23535E280064A6D7 /* CombineBreakoutTests.xctest */,
				83025A5523535E280064A6D7 /* CombineBreakoutUITests.xctest */,
			);
			name = Products;
			sourceTree = "<group>";
		};
		83025A3423535E250064A6D7 /* CombineBreakout */ = {
			isa = PBXGroup;
			children = (
				83025A3523535E250064A6D7 /* AppDelegate.swift */,
				83025A3B23535E250064A6D7 /* GameScene.swift */,
				83025A3D23535E250064A6D7 /* ViewController.swift */,
				83025A3F23535E270064A6D7 /* Assets.xcassets */,
				83025A4123535E270064A6D7 /* Main.storyboard */,
				83025A4423535E270064A6D7 /* Info.plist */,
				83025A4523535E270064A6D7 /* CombineBreakout.entitlements */,
			);
			path = CombineBreakout;
			sourceTree = "<group>";
		};
		83025A4D23535E280064A6D7 /* CombineBreakoutTests */ = {
			isa = PBXGroup;
			children = (
				83025A4E23535E280064A6D7 /* CombineBreakoutTests.swift */,
				83025A5023535E280064A6D7 /* Info.plist */,
			);
			path = CombineBreakoutTests;
			sourceTree = "<group>";
		};
		83025A5823535E280064A6D7 /* CombineBreakoutUITests */ = {
			isa = PBXGroup;
			children = (
				83025A5923535E280064A6D7 /* CombineBreakoutUITests.swift */,
				83025A5B23535E280064A6D7 /* Info.plist */,
			);
			path = CombineBreakoutUITests;
			sourceTree = "<group>";
		};
/* End PBXGroup section */

/* Begin PBXNativeTarget section */
		83025A3123535E250064A6D7 /* CombineBreakout */ = {
			isa = PBXNativeTarget;
			buildConfigurationList = 83025A5E23535E280064A6D7 /* Build configuration list for PBXNativeTarget "CombineBreakout" */;
			buildPhases = (
				83025A2E23535E250064A6D7 /* Sources */,
				83025A2F23535E250064A6D7 /* Frameworks */,
				83025A3023535E250064A6D7 /* Resources */,
			);
			buildRules = (
			);
			dependencies = (
			);
			name = CombineBreakout;
			productName = CombineBreakout;
			productReference = 83025A3223535E250064A6D7 /* CombineBreakout.app */;
			productType = "com.apple.product-type.application";
		};
		83025A4923535E280064A6D7 /* CombineBreakoutTests */ = {
			isa = PBXNativeTarget;
			buildConfigurationList = 83025A6123535E280064A6D7 /* Build configuration list for PBXNativeTarget "CombineBreakoutTests" */;
			buildPhases = (
				83025A4623535E280064A6D7 /* Sources */,
				83025A4723535E280064A6D7 /* Frameworks */,
				83025A4823535E280064A6D7 /* Resources */,
			);
			buildRules = (
			);
			dependencies = (
				83025A4C23535E280064A6D7 /* PBXTargetDependency */,
			);
			name = CombineBreakoutTests;
			productName = CombineBreakoutTests;
			productReference = 83025A4A23535E280064A6D7 /* CombineBreakoutTests.xctest */;
			productType = "com.apple.product-type.bundle.unit-test";
		};
		83025A5423535E280064A6D7 /* CombineBreakoutUITests */ = {
			isa = PBXNativeTarget;
			buildConfigurationList = 83025A6423535E280064A6D7 /* Build configuration list for PBXNativeTarget "CombineBreakoutUITests" */;
			buildPhases = (
				83025A5123535E280064A6D7 /* Sources */,
				83025A5223535E280064A6D7 /* Frameworks */,
				83025A5323535E280064A6D7 /* Resources */,
			);
			buildRules = (
			);
			dependencies = (
				83025A5723535E280064A6D7 /* PBXTargetDependency */,
			);
			name = CombineBreakoutUITests;
			productName = CombineBreakoutUITests;
			productReference = 83025A5523535E280064A6D7 /* CombineBreakoutUITests.xctest */;
			productType = "com.apple.product-type.bundle.ui-testing";
		};
/* End PBXNativeTarget section */

/* Begin PBXProject section */
		83025A2A23535E250064A6D7 /* Project object */ = {
			isa = PBXProject;
			attributes = {
				LastSwiftUpdateCheck = 1100;
				LastUpgradeCheck = 1100;
				ORGANIZATIONNAME = "Antonio Strijdom";
				TargetAttributes = {
					83025A3123535E250064A6D7 = {
						CreatedOnToolsVersion = 11.0;
					};
					83025A4923535E280064A6D7 = {
						CreatedOnToolsVersion = 11.0;
						TestTargetID = 83025A3123535E250064A6D7;
					};
					83025A5423535E280064A6D7 = {
						CreatedOnToolsVersion = 11.0;
						TestTargetID = 83025A3123535E250064A6D7;
					};
				};
			};
			buildConfigurationList = 83025A2D23535E250064A6D7 /* Build configuration list for PBXProject "CombineBreakout" */;
			compatibilityVersion = "Xcode 9.3";
			developmentRegion = en;
			hasScannedForEncodings = 0;
			knownRegions = (
				en,
				Base,
			);
			mainGroup = 83025A2923535E250064A6D7;
			productRefGroup = 83025A3323535E250064A6D7 /* Products */;
			projectDirPath = "";
			projectRoot = "";
			targets = (
				83025A3123535E250064A6D7 /* CombineBreakout */,
				83025A4923535E280064A6D7 /* CombineBreakoutTests */,
				83025A5423535E280064A6D7 /* CombineBreakoutUITests */,
			);
		};
/* End PBXProject section */

/* Begin PBXResourcesBuildPhase section */
		83025A3023535E250064A6D7 /* Resources */ = {
			isa = PBXResourcesBuildPhase;
			buildActionMask = 2147483647;
			files = (
				83025A4023535E270064A6D7 /* Assets.xcassets in Resources */,
				83025A4323535E270064A6D7 /* Main.storyboard in Resources */,
			);
			runOnlyForDeploymentPostprocessing = 0;
		};
		83025A4823535E280064A6D7 /* Resources */ = {
			isa = PBXResourcesBuildPhase;
			buildActionMask = 2147483647;
			files = (
			);
			runOnlyForDeploymentPostprocessing = 0;
		};
		83025A5323535E280064A6D7 /* Resources */ = {
			isa = PBXResourcesBuildPhase;
			buildActionMask = 2147483647;
			files = (
			);
			runOnlyForDeploymentPostprocessing = 0;
		};
/* End PBXResourcesBuildPhase section */

/* Begin PBXSourcesBuildPhase section */
		83025A2E23535E250064A6D7 /* Sources */ = {
			isa = PBXSourcesBuildPhase;
			buildActionMask = 2147483647;
			files = (
				83025A3E23535E250064A6D7 /* ViewController.swift in Sources */,
				83025A3C23535E250064A6D7 /* GameScene.swift in Sources */,
				83025A3623535E250064A6D7 /* AppDelegate.swift in Sources */,
			);
			runOnlyForDeploymentPostprocessing = 0;
		};
		83025A4623535E280064A6D7 /* Sources */ = {
			isa = PBXSourcesBuildPhase;
			buildActionMask = 2147483647;
			files = (
				83025A4F23535E280064A6D7 /* CombineBreakoutTests.swift in Sources */,
			);
			runOnlyForDeploymentPostprocessing = 0;
		};
		83025A5123535E280064A6D7 /* Sources */ = {
			isa = PBXSourcesBuildPhase;
			buildActionMask = 2147483647;
			files = (
				83025A5A23535E280064A6D7 /* CombineBreakoutUITests.swift in Sources */,
			);
			runOnlyForDeploymentPostprocessing = 0;
		};
/* End PBXSourcesBuildPhase section */

/* Begin PBXTargetDependency section */
		83025A4C23535E280064A6D7 /* PBXTargetDependency */ = {
			isa = PBXTargetDependency;
			target = 83025A3123535E250064A6D7 /* CombineBreakout */;
			targetProxy = 83025A4B23535E280064A6D7 /* PBXContainerItemProxy */;
		};
		83025A5723535E280064A6D7 /* PBXTargetDependency */ = {
			isa = PBXTargetDependency;
			target = 83025A3123535E250064A6D7 /* CombineBreakout */;
			targetProxy = 83025A5623535E280064A6D7 /* PBXContainerItemProxy */;
		};
/* End PBXTargetDependency section */

/* Begin PBXVariantGroup section */
		83025A4123535E270064A6D7 /* Main.storyboard */ = {
			isa = PBXVariantGroup;
			children = (
				83025A4223535E270064A6D7 /* Base */,
			);
			name = Main.storyboard;
			sourceTree = "<group>";
		};
/* End PBXVariantGroup section */

/* Begin XCBuildConfiguration section */
		83025A5C23535E280064A6D7 /* Debug */ = {
			isa = XCBuildConfiguration;
			buildSettings = {
				ALWAYS_SEARCH_USER_PATHS = NO;
				CLANG_ANALYZER_NONNULL = YES;
				CLANG_ANALYZER_NUMBER_OBJECT_CONVERSION = YES_AGGRESSIVE;
				CLANG_CXX_LANGUAGE_STANDARD = "gnu++14";
				CLANG_CXX_LIBRARY = "libc++";
				CLANG_ENABLE_MODULES = YES;
				CLANG_ENABLE_OBJC_ARC = YES;
				CLANG_ENABLE_OBJC_WEAK = YES;
				CLANG_WARN_BLOCK_CAPTURE_AUTORELEASING = YES;
				CLANG_WARN_BOOL_CONVERSION = YES;
				CLANG_WARN_COMMA = YES;
				CLANG_WARN_CONSTANT_CONVERSION = YES;
				CLANG_WARN_DEPRECATED_OBJC_IMPLEMENTATIONS = YES;
				CLANG_WARN_DIRECT_OBJC_ISA_USAGE = YES_ERROR;
				CLANG_WARN_DOCUMENTATION_COMMENTS = YES;
				CLANG_WARN_EMPTY_BODY = YES;
				CLANG_WARN_ENUM_CONVERSION = YES;
				CLANG_WARN_INFINITE_RECURSION = YES;
				CLANG_WARN_INT_CONVERSION = YES;
				CLANG_WARN_NON_LITERAL_NULL_CONVERSION = YES;
				CLANG_WARN_OBJC_IMPLICIT_RETAIN_SELF = YES;
				CLANG_WARN_OBJC_LITERAL_CONVERSION = YES;
				CLANG_WARN_OBJC_ROOT_CLASS = YES_ERROR;
				CLANG_WARN_RANGE_LOOP_ANALYSIS = YES;
				CLANG_WARN_STRICT_PROTOTYPES = YES;
				CLANG_WARN_SUSPICIOUS_MOVE = YES;
				CLANG_WARN_UNGUARDED_AVAILABILITY = YES_AGGRESSIVE;
				CLANG_WARN_UNREACHABLE_CODE = YES;
				CLANG_WARN__DUPLICATE_METHOD_MATCH = YES;
				COPY_PHASE_STRIP = NO;
				DEBUG_INFORMATION_FORMAT = dwarf;
				ENABLE_STRICT_OBJC_MSGSEND = YES;
				ENABLE_TESTABILITY = YES;
				GCC_C_LANGUAGE_STANDARD = gnu11;
				GCC_DYNAMIC_NO_PIC = NO;
				GCC_NO_COMMON_BLOCKS = YES;
				GCC_OPTIMIZATION_LEVEL = 0;
				GCC_PREPROCESSOR_DEFINITIONS = (
					"DEBUG=1",
					"$(inherited)",
				);
				GCC_WARN_64_TO_32_BIT_CONVERSION = YES;
				GCC_WARN_ABOUT_RETURN_TYPE = YES_ERROR;
				GCC_WARN_UNDECLARED_SELECTOR = YES;
				GCC_WARN_UNINITIALIZED_AUTOS = YES_AGGRESSIVE;
				GCC_WARN_UNUSED_FUNCTION = YES;
				GCC_WARN_UNUSED_VARIABLE = YES;
				MACOSX_DEPLOYMENT_TARGET = 10.15;
				MTL_ENABLE_DEBUG_INFO = INCLUDE_SOURCE;
				MTL_FAST_MATH = YES;
				ONLY_ACTIVE_ARCH = YES;
				SDKROOT = macosx;
				SWIFT_ACTIVE_COMPILATION_CONDITIONS = DEBUG;
				SWIFT_OPTIMIZATION_LEVEL = "-Onone";
			};
			name = Debug;
		};
		83025A5D23535E280064A6D7 /* Release */ = {
			isa = XCBuildConfiguration;
			buildSettings = {
				ALWAYS_SEARCH_USER_PATHS = NO;
				CLANG_ANALYZER_NONNULL = YES;
				CLANG_ANALYZER_NUMBER_OBJECT_CONVERSION = YES_AGGRESSIVE;
				CLANG_CXX_LANGUAGE_STANDARD = "gnu++14";
				CLANG_CXX_LIBRARY = "libc++";
				CLANG_ENABLE_MODULES = YES;
				CLANG_ENABLE_OBJC_ARC = YES;
				CLANG_ENABLE_OBJC_WEAK = YES;
				CLANG_WARN_BLOCK_CAPTURE_AUTORELEASING = YES;
				CLANG_WARN_BOOL_CONVERSION = YES;
				CLANG_WARN_COMMA = YES;
				CLANG_WARN_CONSTANT_CONVERSION = YES;
				CLANG_WARN_DEPRECATED_OBJC_IMPLEMENTATIONS = YES;
				CLANG_WARN_DIRECT_OBJC_ISA_USAGE = YES_ERROR;
				CLANG_WARN_DOCUMENTATION_COMMENTS = YES;
				CLANG_WARN_EMPTY_BODY = YES;
				CLANG_WARN_ENUM_CONVERSION = YES;
				CLANG_WARN_INFINITE_RECURSION = YES;
				CLANG_WARN_INT_CONVERSION = YES;
				CLANG_WARN_NON_LITERAL_NULL_CONVERSION = YES;
				CLANG_WARN_OBJC_IMPLICIT_RETAIN_SELF = YES;
				CLANG_WARN_OBJC_LITERAL_CONVERSION = YES;
				CLANG_WARN_OBJC_ROOT_CLASS = YES_ERROR;
				CLANG_WARN_RANGE_LOOP_ANALYSIS = YES;
				CLANG_WARN_STRICT_PROTOTYPES = YES;
				CLANG_WARN_SUSPICIOUS_MOVE = YES;
				CLANG_WARN_UNGUARDED_AVAILABILITY = YES_AGGRESSIVE;
				CLANG_WARN_UNREACHABLE_CODE = YES;
				CLANG_WARN__DUPLICATE_METHOD_MATCH = YES;
				COPY_PHASE_STRIP = NO;
				DEBUG_INFORMATION_FORMAT = "dwarf-with-dsym";
				ENABLE_NS_ASSERTIONS = NO;
				ENABLE_STRICT_OBJC_MSGSEND = YES;
				GCC_C_LANGUAGE_STANDARD = gnu11;
				GCC_NO_COMMON_BLOCKS = YES;
				GCC_WARN_64_TO_32_BIT_CONVERSION = YES;
				GCC_WARN_ABOUT_RETURN_TYPE = YES_ERROR;
				GCC_WARN_UNDECLARED_SELECTOR = YES;
				GCC_WARN_UNINITIALIZED_AUTOS = YES_AGGRESSIVE;
				GCC_WARN_UNUSED_FUNCTION = YES;
				GCC_WARN_UNUSED_VARIABLE = YES;
				MACOSX_DEPLOYMENT_TARGET = 10.15;
				MTL_ENABLE_DEBUG_INFO = NO;
				MTL_FAST_MATH = YES;
				SDKROOT = macosx;
				SWIFT_COMPILATION_MODE = wholemodule;
				SWIFT_OPTIMIZATION_LEVEL = "-O";
			};
			name = Release;
		};
		83025A5F23535E280064A6D7 /* Debug */ = {
			isa = XCBuildConfiguration;
			buildSettings = {
				ASSETCATALOG_COMPILER_APPICON_NAME = AppIcon;
				CODE_SIGN_ENTITLEMENTS = CombineBreakout/CombineBreakout.entitlements;
				CODE_SIGN_STYLE = Automatic;
				COMBINE_HIDPI_IMAGES = YES;
				DEVELOPMENT_TEAM = 3WR52V3W6H;
				ENABLE_HARDENED_RUNTIME = YES;
				INFOPLIST_FILE = CombineBreakout/Info.plist;
				LD_RUNPATH_SEARCH_PATHS = (
					"$(inherited)",
					"@executable_path/../Frameworks",
				);
				PRODUCT_BUNDLE_IDENTIFIER = com.antoniostrijdom.CombineBreakout;
				PRODUCT_NAME = "$(TARGET_NAME)";
				SWIFT_VERSION = 5.0;
			};
			name = Debug;
		};
		83025A6023535E280064A6D7 /* Release */ = {
			isa = XCBuildConfiguration;
			buildSettings = {
				ASSETCATALOG_COMPILER_APPICON_NAME = AppIcon;
				CODE_SIGN_ENTITLEMENTS = CombineBreakout/CombineBreakout.entitlements;
				CODE_SIGN_STYLE = Automatic;
				COMBINE_HIDPI_IMAGES = YES;
				DEVELOPMENT_TEAM = 3WR52V3W6H;
				ENABLE_HARDENED_RUNTIME = YES;
				INFOPLIST_FILE = CombineBreakout/Info.plist;
				LD_RUNPATH_SEARCH_PATHS = (
					"$(inherited)",
					"@executable_path/../Frameworks",
				);
				PRODUCT_BUNDLE_IDENTIFIER = com.antoniostrijdom.CombineBreakout;
				PRODUCT_NAME = "$(TARGET_NAME)";
				SWIFT_VERSION = 5.0;
			};
			name = Release;
		};
		83025A6223535E280064A6D7 /* Debug */ = {
			isa = XCBuildConfiguration;
			buildSettings = {
				ALWAYS_EMBED_SWIFT_STANDARD_LIBRARIES = YES;
				BUNDLE_LOADER = "$(TEST_HOST)";
				CODE_SIGN_STYLE = Automatic;
				COMBINE_HIDPI_IMAGES = YES;
				DEVELOPMENT_TEAM = 3WR52V3W6H;
				INFOPLIST_FILE = CombineBreakoutTests/Info.plist;
				LD_RUNPATH_SEARCH_PATHS = (
					"$(inherited)",
					"@executable_path/../Frameworks",
					"@loader_path/../Frameworks",
				);
				MACOSX_DEPLOYMENT_TARGET = 10.15;
				PRODUCT_BUNDLE_IDENTIFIER = com.antoniostrijdom.CombineBreakoutTests;
				PRODUCT_NAME = "$(TARGET_NAME)";
				SWIFT_VERSION = 5.0;
				TEST_HOST = "$(BUILT_PRODUCTS_DIR)/CombineBreakout.app/Contents/MacOS/CombineBreakout";
			};
			name = Debug;
		};
		83025A6323535E280064A6D7 /* Release */ = {
			isa = XCBuildConfiguration;
			buildSettings = {
				ALWAYS_EMBED_SWIFT_STANDARD_LIBRARIES = YES;
				BUNDLE_LOADER = "$(TEST_HOST)";
				CODE_SIGN_STYLE = Automatic;
				COMBINE_HIDPI_IMAGES = YES;
				DEVELOPMENT_TEAM = 3WR52V3W6H;
				INFOPLIST_FILE = CombineBreakoutTests/Info.plist;
				LD_RUNPATH_SEARCH_PATHS = (
					"$(inherited)",
					"@executable_path/../Frameworks",
					"@loader_path/../Frameworks",
				);
				MACOSX_DEPLOYMENT_TARGET = 10.15;
				PRODUCT_BUNDLE_IDENTIFIER = com.antoniostrijdom.CombineBreakoutTests;
				PRODUCT_NAME = "$(TARGET_NAME)";
				SWIFT_VERSION = 5.0;
				TEST_HOST = "$(BUILT_PRODUCTS_DIR)/CombineBreakout.app/Contents/MacOS/CombineBreakout";
			};
			name = Release;
		};
		83025A6523535E280064A6D7 /* Debug */ = {
			isa = XCBuildConfiguration;
			buildSettings = {
				ALWAYS_EMBED_SWIFT_STANDARD_LIBRARIES = YES;
				CODE_SIGN_STYLE = Automatic;
				COMBINE_HIDPI_IMAGES = YES;
				DEVELOPMENT_TEAM = 3WR52V3W6H;
				INFOPLIST_FILE = CombineBreakoutUITests/Info.plist;
				LD_RUNPATH_SEARCH_PATHS = (
					"$(inherited)",
					"@executable_path/../Frameworks",
					"@loader_path/../Frameworks",
				);
				PRODUCT_BUNDLE_IDENTIFIER = com.antoniostrijdom.CombineBreakoutUITests;
				PRODUCT_NAME = "$(TARGET_NAME)";
				SWIFT_VERSION = 5.0;
				TEST_TARGET_NAME = CombineBreakout;
			};
			name = Debug;
		};
		83025A6623535E280064A6D7 /* Release */ = {
			isa = XCBuildConfiguration;
			buildSettings = {
				ALWAYS_EMBED_SWIFT_STANDARD_LIBRARIES = YES;
				CODE_SIGN_STYLE = Automatic;
				COMBINE_HIDPI_IMAGES = YES;
				DEVELOPMENT_TEAM = 3WR52V3W6H;
				INFOPLIST_FILE = CombineBreakoutUITests/Info.plist;
				LD_RUNPATH_SEARCH_PATHS = (
					"$(inherited)",
					"@executable_path/../Frameworks",
					"@loader_path/../Frameworks",
				);
				PRODUCT_BUNDLE_IDENTIFIER = com.antoniostrijdom.CombineBreakoutUITests;
				PRODUCT_NAME = "$(TARGET_NAME)";
				SWIFT_VERSION = 5.0;
				TEST_TARGET_NAME = CombineBreakout;
			};
			name = Release;
		};
/* End XCBuildConfiguration section */

/* Begin XCConfigurationList section */
		83025A2D23535E250064A6D7 /* Build configuration list for PBXProject "CombineBreakout" */ = {
			isa = XCConfigurationList;
			buildConfigurations = (
				83025A5C23535E280064A6D7 /* Debug */,
				83025A5D23535E280064A6D7 /* Release */,
			);
			defaultConfigurationIsVisible = 0;
			defaultConfigurationName = Release;
		};
		83025A5E23535E280064A6D7 /* Build configuration list for PBXNativeTarget "CombineBreakout" */ = {
			isa = XCConfigurationList;
			buildConfigurations = (
				83025A5F23535E280064A6D7 /* Debug */,
				83025A6023535E280064A6D7 /* Release */,
			);
			defaultConfigurationIsVisible = 0;
			defaultConfigurationName = Release;
		};
		83025A6123535E280064A6D7 /* Build configuration list for PBXNativeTarget "CombineBreakoutTests" */ = {
			isa = XCConfigurationList;
			buildConfigurations = (
				83025A6223535E280064A6D7 /* Debug */,
				83025A6323535E280064A6D7 /* Release */,
			);
			defaultConfigurationIsVisible = 0;
			defaultConfigurationName = Release;
		};
		83025A6423535E280064A6D7 /* Build configuration list for PBXNativeTarget "CombineBreakoutUITests" */ = {
			isa = XCConfigurationList;
			buildConfigurations = (
				83025A6523535E280064A6D7 /* Debug */,
				83025A6623535E280064A6D7 /* Release */,
			);
			defaultConfigurationIsVisible = 0;
			defaultConfigurationName = Release;
		};
/* End XCConfigurationList section */
	};
	rootObject = 83025A2A23535E250064A6D7 /* Project object */;
}
